
Microsoft Visual Studio Solution File, Format Version 12.00
# Visual Studio Version 17
VisualStudioVersion = 17.0.31903.59
MinimumVisualStudioVersion = 10.0.40219.1
Project("{FAE04EC0-301F-11D3-BF4B-00C04F79EFBC}") = "ExoticHistoricSites.Server", "ExoticHistoricSites.Server\ExoticHistoricSites.Server.csproj", "{0FEABA01-5260-4E49-AA4A-165375732176}"
EndProject
Project("{FAE04EC0-301F-11D3-BF4B-00C04F79EFBC}") = "ExoticHistoricSites.Client", "ExoticHistoricSites.Client\ExoticHistoricSites.Client.csproj", "{F3BE7901-9714-421F-A17C-469467694DB8}"
EndProject
Project("{FAE04EC0-301F-11D3-BF4B-00C04F79EFBC}") = "ExoticHistoricSites.Shared", "ExoticHistoricSites.Shared\ExoticHistoricSites.Shared.csproj", "{1E5E077C-11D6-41B4-BABA-5478F07A5EAF}"
EndProject
Global
	GlobalSection(SolutionConfigurationPlatforms) = preSolution
		Debug|Any CPU = Debug|Any CPU
		Release|Any CPU = Release|Any CPU
	EndGlobalSection
	GlobalSection(SolutionProperties) = preSolution
		HideSolutionNode = FALSE
	EndGlobalSection
	GlobalSection(ProjectConfigurationPlatforms) = postSolution
		{0FEABA01-5260-4E49-AA4A-165375732176}.Debug|Any CPU.ActiveCfg = Debug|Any CPU
		{0FEABA01-5260-4E49-AA4A-165375732176}.Debug|Any CPU.Build.0 = Debug|Any CPU
		{0FEABA01-5260-4E49-AA4A-165375732176}.Release|Any CPU.ActiveCfg = Release|Any CPU
		{0FEABA01-5260-4E49-AA4A-165375732176}.Release|Any CPU.Build.0 = Release|Any CPU
		{F3BE7901-9714-421F-A17C-469467694DB8}.Debug|Any CPU.ActiveCfg = Debug|Any CPU
		{F3BE7901-9714-421F-A17C-469467694DB8}.Debug|Any CPU.Build.0 = Debug|Any CPU
		{F3BE7901-9714-421F-A17C-469467694DB8}.Release|Any CPU.ActiveCfg = Release|Any CPU
		{F3BE7901-9714-421F-A17C-469467694DB8}.Release|Any CPU.Build.0 = Release|Any CPU
		{1E5E077C-11D6-41B4-BABA-5478F07A5EAF}.Debug|Any CPU.ActiveCfg = Debug|Any CPU
		{1E5E077C-11D6-41B4-BABA-5478F07A5EAF}.Debug|Any CPU.Build.0 = Debug|Any CPU
		{1E5E077C-11D6-41B4-BABA-5478F07A5EAF}.Release|Any CPU.ActiveCfg = Release|Any CPU
		{1E5E077C-11D6-41B4-BABA-5478F07A5EAF}.Release|Any CPU.Build.0 = Release|Any CPU
	EndGlobalSection
EndGlobal
